# This file is automatically @generated by Poetry 1.8.3 and should not be changed by hand.

[[package]]
name = "dependabot-transitive-demo"
version = "1.0.0"
description = "Demo package for testing Dependabot transitive dependency detection"
optional = false
python-versions = ">=3.8"
files = [
    {file = "dependabot_transitive_demo-1.0.0-py3-none-any.whl", hash = "sha256:764239224655b62c2311f40d43d167148aadd3d0cee89f1b143a840e75a62fcc"},
    {file = "dependabot_transitive_demo-1.0.0.tar.gz", hash = "sha256:0b16e35944a7a746f6a55056e1a98fd0f99965893aaaecb7384136d95b7024d2"},
]

[package.dependencies]
urllib3 = "1.26.5"

[package.source]
type = "legacy"
url = "https://test.pypi.org/simple"
reference = "testpypi"

[[package]]
name = "urllib3"
version = "1.26.5"
description = "HTTP library with thread-safe connection pooling, file post, and more."
optional = false
python-versions = "*"
files = []

[metadata]
lock-version = "2.0"
python-versions = "^3.8"
content-hash = "7e59f7c8b05b2c0346ecabf45679e73ec8094345593edca98a088755acb32379"
